// !$*UTF8*$!
{
	archiveVersion = 1;
	classes = {
	};
	objectVersion = 50;
	objects = {

/* Begin PBXBuildFile section */
		96AB94782451330B003195F0 /* AppDelegate.swift in Sources */ = {isa = PBXBuildFile; fileRef = 96AB94772451330B003195F0 /* AppDelegate.swift */; };
		96AB947A2451330B003195F0 /* SceneDelegate.swift in Sources */ = {isa = PBXBuildFile; fileRef = 96AB94792451330B003195F0 /* SceneDelegate.swift */; };
		96AB947C2451330B003195F0 /* ViewController.swift in Sources */ = {isa = PBXBuildFile; fileRef = 96AB947B2451330B003195F0 /* ViewController.swift */; };
		96AB947F2451330B003195F0 /* Main.storyboard in Resources */ = {isa = PBXBuildFile; fileRef = 96AB947D2451330B003195F0 /* Main.storyboard */; };
		96AB94812451330C003195F0 /* Assets.xcassets in Resources */ = {isa = PBXBuildFile; fileRef = 96AB94802451330C003195F0 /* Assets.xcassets */; };
		96AB94842451330C003195F0 /* LaunchScreen.storyboard in Resources */ = {isa = PBXBuildFile; fileRef = 96AB94822451330C003195F0 /* LaunchScreen.storyboard */; };
		96AB948D245134A7003195F0 /* ChatViewController.swift in Sources */ = {isa = PBXBuildFile; fileRef = 96AB948C245134A7003195F0 /* ChatViewController.swift */; };
		96AB948F245134C5003195F0 /* ChatMediator.swift in Sources */ = {isa = PBXBuildFile; fileRef = 96AB948E245134C5003195F0 /* ChatMediator.swift */; };
		96AB9491245134D9003195F0 /* SocketManager.swift in Sources */ = {isa = PBXBuildFile; fileRef = 96AB9490245134D9003195F0 /* SocketManager.swift */; };
		96AB949424513542003195F0 /* Message.swift in Sources */ = {isa = PBXBuildFile; fileRef = 96AB949324513542003195F0 /* Message.swift */; };
		96E27077245137E900A035E3 /* Starscream.framework in Frameworks */ = {isa = PBXBuildFile; fileRef = 96E27073245137DC00A035E3 /* Starscream.framework */; };
		96E27078245137E900A035E3 /* Starscream.framework in Embed Frameworks */ = {isa = PBXBuildFile; fileRef = 96E27073245137DC00A035E3 /* Starscream.framework */; settings = {ATTRIBUTES = (CodeSignOnCopy, RemoveHeadersOnCopy, ); }; };
/* End PBXBuildFile section */

/* Begin PBXContainerItemProxy section */
		96E27072245137DC00A035E3 /* PBXContainerItemProxy */ = {
			isa = PBXContainerItemProxy;
			containerPortal = 96E2706D245137DC00A035E3 /* Starscream.xcodeproj */;
			proxyType = 2;
			remoteGlobalIDString = 33CCF0921F5DDC030099B092;
			remoteInfo = Starscream;
		};
		96E27074245137DC00A035E3 /* PBXContainerItemProxy */ = {
			isa = PBXContainerItemProxy;
			containerPortal = 96E2706D245137DC00A035E3 /* Starscream.xcodeproj */;
			proxyType = 2;
			remoteGlobalIDString = 335FA2021F5DF71D00F6D2EC;
			remoteInfo = "Starscream Tests";
		};
/* End PBXContainerItemProxy section */

/* Begin PBXCopyFilesBuildPhase section */
		96E27079245137E900A035E3 /* Embed Frameworks */ = {
			isa = PBXCopyFilesBuildPhase;
			buildActionMask = 2147483647;
			dstPath = "";
			dstSubfolderSpec = 10;
			files = (
				96E27078245137E900A035E3 /* Starscream.framework in Embed Frameworks */,
			);
			name = "Embed Frameworks";
			runOnlyForDeploymentPostprocessing = 0;
		};
/* End PBXCopyFilesBuildPhase section */

/* Begin PBXFileReference section */
		96AB94742451330B003195F0 /* VaporChatClient.app */ = {isa = PBXFileReference; explicitFileType = wrapper.application; includeInIndex = 0; path = VaporChatClient.app; sourceTree = BUILT_PRODUCTS_DIR; };
		96AB94772451330B003195F0 /* AppDelegate.swift */ = {isa = PBXFileReference; lastKnownFileType = sourcecode.swift; path = AppDelegate.swift; sourceTree = "<group>"; };
		96AB94792451330B003195F0 /* SceneDelegate.swift */ = {isa = PBXFileReference; lastKnownFileType = sourcecode.swift; path = SceneDelegate.swift; sourceTree = "<group>"; };
		96AB947B2451330B003195F0 /* ViewController.swift */ = {isa = PBXFileReference; lastKnownFileType = sourcecode.swift; path = ViewController.swift; sourceTree = "<group>"; };
		96AB947E2451330B003195F0 /* Base */ = {isa = PBXFileReference; lastKnownFileType = file.storyboard; name = Base; path = Base.lproj/Main.storyboard; sourceTree = "<group>"; };
		96AB94802451330C003195F0 /* Assets.xcassets */ = {isa = PBXFileReference; lastKnownFileType = folder.assetcatalog; path = Assets.xcassets; sourceTree = "<group>"; };
		96AB94832451330C003195F0 /* Base */ = {isa = PBXFileReference; lastKnownFileType = file.storyboard; name = Base; path = Base.lproj/LaunchScreen.storyboard; sourceTree = "<group>"; };
		96AB94852451330C003195F0 /* Info.plist */ = {isa = PBXFileReference; lastKnownFileType = text.plist.xml; path = Info.plist; sourceTree = "<group>"; };
		96AB948C245134A7003195F0 /* ChatViewController.swift */ = {isa = PBXFileReference; lastKnownFileType = sourcecode.swift; path = ChatViewController.swift; sourceTree = "<group>"; };
		96AB948E245134C5003195F0 /* ChatMediator.swift */ = {isa = PBXFileReference; lastKnownFileType = sourcecode.swift; path = ChatMediator.swift; sourceTree = "<group>"; };
		96AB9490245134D9003195F0 /* SocketManager.swift */ = {isa = PBXFileReference; lastKnownFileType = sourcecode.swift; path = SocketManager.swift; sourceTree = "<group>"; };
		96AB949324513542003195F0 /* Message.swift */ = {isa = PBXFileReference; lastKnownFileType = sourcecode.swift; path = Message.swift; sourceTree = "<group>"; };
		96E2706D245137DC00A035E3 /* Starscream.xcodeproj */ = {isa = PBXFileReference; lastKnownFileType = "wrapper.pb-project"; name = Starscream.xcodeproj; path = "Starscream-master/Starscream.xcodeproj"; sourceTree = "<group>"; };
/* End PBXFileReference section */

/* Begin PBXFrameworksBuildPhase section */
		96AB94712451330B003195F0 /* Frameworks */ = {
			isa = PBXFrameworksBuildPhase;
			buildActionMask = 2147483647;
			files = (
				96E27077245137E900A035E3 /* Starscream.framework in Frameworks */,
			);
			runOnlyForDeploymentPostprocessing = 0;
		};
/* End PBXFrameworksBuildPhase section */

/* Begin PBXGroup section */
		96AB946B2451330B003195F0 = {
			isa = PBXGroup;
			children = (
				96AB94762451330B003195F0 /* VaporChatClient */,
				96E27076245137E900A035E3 /* Frameworks */,
				96E2706C245137C700A035E3 /* Libraries */,
				96AB94752451330B003195F0 /* Products */,
			);
			sourceTree = "<group>";
		};
		96AB94752451330B003195F0 /* Products */ = {
			isa = PBXGroup;
			children = (
				96AB94742451330B003195F0 /* VaporChatClient.app */,
			);
			name = Products;
			sourceTree = "<group>";
		};
		96AB94762451330B003195F0 /* VaporChatClient */ = {
			isa = PBXGroup;
			children = (
				96AB94772451330B003195F0 /* AppDelegate.swift */,
				96AB94802451330C003195F0 /* Assets.xcassets */,
				96AB948B24513490003195F0 /* Controllers */,
				96AB94852451330C003195F0 /* Info.plist */,
				96AB94822451330C003195F0 /* LaunchScreen.storyboard */,
				96AB947D2451330B003195F0 /* Main.storyboard */,
				96AB949224513539003195F0 /* Models */,
				96AB94952451358A003195F0 /* Network */,
				96AB94792451330B003195F0 /* SceneDelegate.swift */,
			);
			path = VaporChatClient;
			sourceTree = "<group>";
		};
		96AB948B24513490003195F0 /* Controllers */ = {
			isa = PBXGroup;
			children = (
				96AB948C245134A7003195F0 /* ChatViewController.swift */,
				96AB947B2451330B003195F0 /* ViewController.swift */,
			);
			path = Controllers;
			sourceTree = "<group>";
		};
		96AB949224513539003195F0 /* Models */ = {
			isa = PBXGroup;
			children = (
				96AB949324513542003195F0 /* Message.swift */,
			);
			path = Models;
			sourceTree = "<group>";
		};
		96AB94952451358A003195F0 /* Network */ = {
			isa = PBXGroup;
			children = (
				96AB948E245134C5003195F0 /* ChatMediator.swift */,
				96AB9490245134D9003195F0 /* SocketManager.swift */,
			);
			path = Network;
			sourceTree = "<group>";
		};
		96E2706C245137C700A035E3 /* Libraries */ = {
			isa = PBXGroup;
			children = (
				96E2706D245137DC00A035E3 /* Starscream.xcodeproj */,
			);
			path = Libraries;
			sourceTree = "<group>";
		};
		96E2706E245137DC00A035E3 /* Products */ = {
			isa = PBXGroup;
			children = (
				96E27073245137DC00A035E3 /* Starscream.framework */,
				96E27075245137DC00A035E3 /* Starscream Tests.xctest */,
			);
			name = Products;
			sourceTree = "<group>";
		};
		96E27076245137E900A035E3 /* Frameworks */ = {
			isa = PBXGroup;
			children = (
			);
			name = Frameworks;
			sourceTree = "<group>";
		};
/* End PBXGroup section */

/* Begin PBXNativeTarget section */
		96AB94732451330B003195F0 /* VaporChatClient */ = {
			isa = PBXNativeTarget;
			buildConfigurationList = 96AB94882451330C003195F0 /* Build configuration list for PBXNativeTarget "VaporChatClient" */;
			buildPhases = (
				96AB94702451330B003195F0 /* Sources */,
				96AB94712451330B003195F0 /* Frameworks */,
				96AB94722451330B003195F0 /* Resources */,
				96E27079245137E900A035E3 /* Embed Frameworks */,
			);
			buildRules = (
			);
			dependencies = (
			);
			name = VaporChatClient;
			productName = VaporChatClient;
			productReference = 96AB94742451330B003195F0 /* VaporChatClient.app */;
			productType = "com.apple.product-type.application";
		};
/* End PBXNativeTarget section */

/* Begin PBXProject section */
		96AB946C2451330B003195F0 /* Project object */ = {
			isa = PBXProject;
			attributes = {
				LastSwiftUpdateCheck = 1140;
				LastUpgradeCheck = 1140;
				ORGANIZATIONNAME = Servalsoft;
				TargetAttributes = {
					96AB94732451330B003195F0 = {
						CreatedOnToolsVersion = 11.4.1;
					};
				};
			};
			buildConfigurationList = 96AB946F2451330B003195F0 /* Build configuration list for PBXProject "VaporChatClient" */;
			compatibilityVersion = "Xcode 9.3";
			developmentRegion = en;
			hasScannedForEncodings = 0;
			knownRegions = (
				en,
				Base,
			);
			mainGroup = 96AB946B2451330B003195F0;
			productRefGroup = 96AB94752451330B003195F0 /* Products */;
			projectDirPath = "";
			projectReferences = (
				{
					ProductGroup = 96E2706E245137DC00A035E3 /* Products */;
					ProjectRef = 96E2706D245137DC00A035E3 /* Starscream.xcodeproj */;
				},
			);
			projectRoot = "";
			targets = (
				96AB94732451330B003195F0 /* VaporChatClient */,
			);
		};
/* End PBXProject section */

/* Begin PBXReferenceProxy section */
		96E27073245137DC00A035E3 /* Starscream.framework */ = {
			isa = PBXReferenceProxy;
			fileType = wrapper.framework;
			path = Starscream.framework;
			remoteRef = 96E27072245137DC00A035E3 /* PBXContainerItemProxy */;
			sourceTree = BUILT_PRODUCTS_DIR;
		};
		96E27075245137DC00A035E3 /* Starscream Tests.xctest */ = {
			isa = PBXReferenceProxy;
			fileType = wrapper.cfbundle;
			path = "Starscream Tests.xctest";
			remoteRef = 96E27074245137DC00A035E3 /* PBXContainerItemProxy */;
			sourceTree = BUILT_PRODUCTS_DIR;
		};
/* End PBXReferenceProxy section */

/* Begin PBXResourcesBuildPhase section */
		96AB94722451330B003195F0 /* Resources */ = {
			isa = PBXResourcesBuildPhase;
			buildActionMask = 2147483647;
			files = (
				96AB94842451330C003195F0 /* LaunchScreen.storyboard in Resources */,
				96AB94812451330C003195F0 /* Assets.xcassets in Resources */,
				96AB947F2451330B003195F0 /* Main.storyboard in Resources */,
			);
			runOnlyForDeploymentPostprocessing = 0;
		};
/* End PBXResourcesBuildPhase section */

/* Begin PBXSourcesBuildPhase section */
		96AB94702451330B003195F0 /* Sources */ = {
			isa = PBXSourcesBuildPhase;
			buildActionMask = 2147483647;
			files = (
				96AB948F245134C5003195F0 /* ChatMediator.swift in Sources */,
				96AB947C2451330B003195F0 /* ViewController.swift in Sources */,
				96AB94782451330B003195F0 /* AppDelegate.swift in Sources */,
				96AB948D245134A7003195F0 /* ChatViewController.swift in Sources */,
				96AB9491245134D9003195F0 /* SocketManager.swift in Sources */,
				96AB947A2451330B003195F0 /* SceneDelegate.swift in Sources */,
				96AB949424513542003195F0 /* Message.swift in Sources */,
			);
			runOnlyForDeploymentPostprocessing = 0;
		};
/* End PBXSourcesBuildPhase section */

/* Begin PBXVariantGroup section */
		96AB947D2451330B003195F0 /* Main.storyboard */ = {
			isa = PBXVariantGroup;
			children = (
				96AB947E2451330B003195F0 /* Base */,
			);
			name = Main.storyboard;
			sourceTree = "<group>";
		};
		96AB94822451330C003195F0 /* LaunchScreen.storyboard */ = {
			isa = PBXVariantGroup;
			children = (
				96AB94832451330C003195F0 /* Base */,
			);
			name = LaunchScreen.storyboard;
			sourceTree = "<group>";
		};
/* End PBXVariantGroup section */

/* Begin XCBuildConfiguration section */
		96AB94862451330C003195F0 /* Debug */ = {
			isa = XCBuildConfiguration;
			buildSettings = {
				ALWAYS_SEARCH_USER_PATHS = NO;
				CLANG_ANALYZER_NONNULL = YES;
				CLANG_ANALYZER_NUMBER_OBJECT_CONVERSION = YES_AGGRESSIVE;
				CLANG_CXX_LANGUAGE_STANDARD = "gnu++14";
				CLANG_CXX_LIBRARY = "libc++";
				CLANG_ENABLE_MODULES = YES;
				CLANG_ENABLE_OBJC_ARC = YES;
				CLANG_ENABLE_OBJC_WEAK = YES;
				CLANG_WARN_BLOCK_CAPTURE_AUTORELEASING = YES;
				CLANG_WARN_BOOL_CONVERSION = YES;
				CLANG_WARN_COMMA = YES;
				CLANG_WARN_CONSTANT_CONVERSION = YES;
				CLANG_WARN_DEPRECATED_OBJC_IMPLEMENTATIONS = YES;
				CLANG_WARN_DIRECT_OBJC_ISA_USAGE = YES_ERROR;
				CLANG_WARN_DOCUMENTATION_COMMENTS = YES;
				CLANG_WARN_EMPTY_BODY = YES;
				CLANG_WARN_ENUM_CONVERSION = YES;
				CLANG_WARN_INFINITE_RECURSION = YES;
				CLANG_WARN_INT_CONVERSION = YES;
				CLANG_WARN_NON_LITERAL_NULL_CONVERSION = YES;
				CLANG_WARN_OBJC_IMPLICIT_RETAIN_SELF = YES;
				CLANG_WARN_OBJC_LITERAL_CONVERSION = YES;
				CLANG_WARN_OBJC_ROOT_CLASS = YES_ERROR;
				CLANG_WARN_RANGE_LOOP_ANALYSIS = YES;
				CLANG_WARN_STRICT_PROTOTYPES = YES;
				CLANG_WARN_SUSPICIOUS_MOVE = YES;
				CLANG_WARN_UNGUARDED_AVAILABILITY = YES_AGGRESSIVE;
				CLANG_WARN_UNREACHABLE_CODE = YES;
				CLANG_WARN__DUPLICATE_METHOD_MATCH = YES;
				COPY_PHASE_STRIP = NO;
				DEBUG_INFORMATION_FORMAT = dwarf;
				ENABLE_STRICT_OBJC_MSGSEND = YES;
				ENABLE_TESTABILITY = YES;
				GCC_C_LANGUAGE_STANDARD = gnu11;
				GCC_DYNAMIC_NO_PIC = NO;
				GCC_NO_COMMON_BLOCKS = YES;
				GCC_OPTIMIZATION_LEVEL = 0;
				GCC_PREPROCESSOR_DEFINITIONS = (
					"DEBUG=1",
					"$(inherited)",
				);
				GCC_WARN_64_TO_32_BIT_CONVERSION = YES;
				GCC_WARN_ABOUT_RETURN_TYPE = YES_ERROR;
				GCC_WARN_UNDECLARED_SELECTOR = YES;
				GCC_WARN_UNINITIALIZED_AUTOS = YES_AGGRESSIVE;
				GCC_WARN_UNUSED_FUNCTION = YES;
				GCC_WARN_UNUSED_VARIABLE = YES;
				IPHONEOS_DEPLOYMENT_TARGET = 13.4;
				MTL_ENABLE_DEBUG_INFO = INCLUDE_SOURCE;
				MTL_FAST_MATH = YES;
				ONLY_ACTIVE_ARCH = YES;
				SDKROOT = iphoneos;
				SWIFT_ACTIVE_COMPILATION_CONDITIONS = DEBUG;
				SWIFT_OPTIMIZATION_LEVEL = "-Onone";
			};
			name = Debug;
		};
		96AB94872451330C003195F0 /* Release */ = {
			isa = XCBuildConfiguration;
			buildSettings = {
				ALWAYS_SEARCH_USER_PATHS = NO;
				CLANG_ANALYZER_NONNULL = YES;
				CLANG_ANALYZER_NUMBER_OBJECT_CONVERSION = YES_AGGRESSIVE;
				CLANG_CXX_LANGUAGE_STANDARD = "gnu++14";
				CLANG_CXX_LIBRARY = "libc++";
				CLANG_ENABLE_MODULES = YES;
				CLANG_ENABLE_OBJC_ARC = YES;
				CLANG_ENABLE_OBJC_WEAK = YES;
				CLANG_WARN_BLOCK_CAPTURE_AUTORELEASING = YES;
				CLANG_WARN_BOOL_CONVERSION = YES;
				CLANG_WARN_COMMA = YES;
				CLANG_WARN_CONSTANT_CONVERSION = YES;
				CLANG_WARN_DEPRECATED_OBJC_IMPLEMENTATIONS = YES;
				CLANG_WARN_DIRECT_OBJC_ISA_USAGE = YES_ERROR;
				CLANG_WARN_DOCUMENTATION_COMMENTS = YES;
				CLANG_WARN_EMPTY_BODY = YES;
				CLANG_WARN_ENUM_CONVERSION = YES;
				CLANG_WARN_INFINITE_RECURSION = YES;
				CLANG_WARN_INT_CONVERSION = YES;
				CLANG_WARN_NON_LITERAL_NULL_CONVERSION = YES;
				CLANG_WARN_OBJC_IMPLICIT_RETAIN_SELF = YES;
				CLANG_WARN_OBJC_LITERAL_CONVERSION = YES;
				CLANG_WARN_OBJC_ROOT_CLASS = YES_ERROR;
				CLANG_WARN_RANGE_LOOP_ANALYSIS = YES;
				CLANG_WARN_STRICT_PROTOTYPES = YES;
				CLANG_WARN_SUSPICIOUS_MOVE = YES;
				CLANG_WARN_UNGUARDED_AVAILABILITY = YES_AGGRESSIVE;
				CLANG_WARN_UNREACHABLE_CODE = YES;
				CLANG_WARN__DUPLICATE_METHOD_MATCH = YES;
				COPY_PHASE_STRIP = NO;
				DEBUG_INFORMATION_FORMAT = "dwarf-with-dsym";
				ENABLE_NS_ASSERTIONS = NO;
				ENABLE_STRICT_OBJC_MSGSEND = YES;
				GCC_C_LANGUAGE_STANDARD = gnu11;
				GCC_NO_COMMON_BLOCKS = YES;
				GCC_WARN_64_TO_32_BIT_CONVERSION = YES;
				GCC_WARN_ABOUT_RETURN_TYPE = YES_ERROR;
				GCC_WARN_UNDECLARED_SELECTOR = YES;
				GCC_WARN_UNINITIALIZED_AUTOS = YES_AGGRESSIVE;
				GCC_WARN_UNUSED_FUNCTION = YES;
				GCC_WARN_UNUSED_VARIABLE = YES;
				IPHONEOS_DEPLOYMENT_TARGET = 13.4;
				MTL_ENABLE_DEBUG_INFO = NO;
				MTL_FAST_MATH = YES;
				SDKROOT = iphoneos;
				SWIFT_COMPILATION_MODE = wholemodule;
				SWIFT_OPTIMIZATION_LEVEL = "-O";
				VALIDATE_PRODUCT = YES;
			};
			name = Release;
		};
		96AB94892451330C003195F0 /* Debug */ = {
			isa = XCBuildConfiguration;
			buildSettings = {
				ASSETCATALOG_COMPILER_APPICON_NAME = AppIcon;
				CODE_SIGN_STYLE = Automatic;
				INFOPLIST_FILE = VaporChatClient/Info.plist;
				LD_RUNPATH_SEARCH_PATHS = (
					"$(inherited)",
					"@executable_path/Frameworks",
				);
				PRODUCT_BUNDLE_IDENTIFIER = com.servalsoft.VaporChatClient;
				PRODUCT_NAME = "$(TARGET_NAME)";
				SWIFT_VERSION = 5.0;
				TARGETED_DEVICE_FAMILY = "1,2";
			};
			name = Debug;
		};
		96AB948A2451330C003195F0 /* Release */ = {
			isa = XCBuildConfiguration;
			buildSettings = {
				ASSETCATALOG_COMPILER_APPICON_NAME = AppIcon;
				CODE_SIGN_STYLE = Automatic;
				INFOPLIST_FILE = VaporChatClient/Info.plist;
				LD_RUNPATH_SEARCH_PATHS = (
					"$(inherited)",
					"@executable_path/Frameworks",
				);
				PRODUCT_BUNDLE_IDENTIFIER = com.servalsoft.VaporChatClient;
				PRODUCT_NAME = "$(TARGET_NAME)";
				SWIFT_VERSION = 5.0;
				TARGETED_DEVICE_FAMILY = "1,2";
			};
			name = Release;
		};
/* End XCBuildConfiguration section */

/* Begin XCConfigurationList section */
		96AB946F2451330B003195F0 /* Build configuration list for PBXProject "VaporChatClient" */ = {
			isa = XCConfigurationList;
			buildConfigurations = (
				96AB94862451330C003195F0 /* Debug */,
				96AB94872451330C003195F0 /* Release */,
			);
			defaultConfigurationIsVisible = 0;
			defaultConfigurationName = Release;
		};
		96AB94882451330C003195F0 /* Build configuration list for PBXNativeTarget "VaporChatClient" */ = {
			isa = XCConfigurationList;
			buildConfigurations = (
				96AB94892451330C003195F0 /* Debug */,
				96AB948A2451330C003195F0 /* Release */,
			);
			defaultConfigurationIsVisible = 0;
			defaultConfigurationName = Release;
		};
/* End XCConfigurationList section */
	};
	rootObject = 96AB946C2451330B003195F0 /* Project object */;
}
